{
  "name": "element-cascader-modified",
  "version": "1.0.0",
  "lockfileVersion": 1,
  "dependencies": {
    "async-validator": {
      "version": "1.6.9",
      "resolved": "https://registry.npmjs.org/async-validator/-/async-validator-1.6.9.tgz",
      "integrity": "sha1-qDCdqouDQhzb1GKOAm1quyUZLTQ="
    },
    "babel-helper-vue-jsx-merge-props": {
      "version": "2.0.2",
      "resolved": "https://registry.npmjs.org/babel-helper-vue-jsx-merge-props/-/babel-helper-vue-jsx-merge-props-2.0.2.tgz",
      "integrity": "sha1-rOscNzWIJ54nVeoc/TXCI5T9M/g="
    },
    "deepmerge": {
      "version": "1.5.0",
      "resolved": "https://registry.npmjs.org/deepmerge/-/deepmerge-1.5.0.tgz",
      "integrity": "sha512-Hm4+NyDQGgH3oYhKqR0gd99veBBZpnEUNoEfFl+3PRkQL+LKGJEBgqimeofAWzUn6aBzcaYPJrRigto/WfDzTg=="
    },
    "element-ui": {
      "version": "1.4.0",
      "resolved": "https://registry.npmjs.org/element-ui/-/element-ui-1.4.0.tgz",
      "integrity": "sha512-8H3OnQRo5ord3bpUgbm5tmXUdEiNr7hU5ct+JKj3z0hn6JYaO3EUb6MLrLwIAHMFbfkRo1Ox7JHJ+zysB8hFwQ=="
    },
    "throttle-debounce": {
      "version": "1.0.1",
      "resolved": "https://registry.npmjs.org/throttle-debounce/-/throttle-debounce-1.0.1.tgz",
      "integrity": "sha1-2tD+Ew+drzcZ/eoz3Dao5rp/MLU="
    }
  }
}
